
Microsoft Visual Studio Solution File, Format Version 12.00
# Visual Studio Version 17
VisualStudioVersion = 17.12.35514.174 d17.12
MinimumVisualStudioVersion = 10.0.40219.1
Project("{FAE04EC0-301F-11D3-BF4B-00C04F79EFBC}") = "GerenciamentoEscola", "GerenciamentoEscola\GerenciamentoEscola.csproj", "{5434F487-4C8A-4349-9E61-5774F7817B57}"
EndProject
Project("{FAE04EC0-301F-11D3-BF4B-00C04F79EFBC}") = "CapaDeDados", "CapaDeDados\CapaDeDados.csproj", "{0E7C2DA6-67F2-4681-8218-82BA92F0E329}"
EndProject
Project("{FAE04EC0-301F-11D3-BF4B-00C04F79EFBC}") = "CapaDeEntidade", "CapaDeEntidade\CapaDeEntidade.csproj", "{FA606492-826E-47AE-BB50-409F68E7D674}"
EndProject
Project("{FAE04EC0-301F-11D3-BF4B-00C04F79EFBC}") = "CapaDeNegocio", "CapaDeNegocio\CapaDeNegocio.csproj", "{C95D1389-FFE0-41F8-92B4-2C0C54F49908}"
EndProject
Global
	GlobalSection(SolutionConfigurationPlatforms) = preSolution
		Debug|Any CPU = Debug|Any CPU
		Release|Any CPU = Release|Any CPU
	EndGlobalSection
	GlobalSection(ProjectConfigurationPlatforms) = postSolution
		{5434F487-4C8A-4349-9E61-5774F7817B57}.Debug|Any CPU.ActiveCfg = Debug|Any CPU
		{5434F487-4C8A-4349-9E61-5774F7817B57}.Debug|Any CPU.Build.0 = Debug|Any CPU
		{5434F487-4C8A-4349-9E61-5774F7817B57}.Release|Any CPU.ActiveCfg = Release|Any CPU
		{5434F487-4C8A-4349-9E61-5774F7817B57}.Release|Any CPU.Build.0 = Release|Any CPU
		{0E7C2DA6-67F2-4681-8218-82BA92F0E329}.Debug|Any CPU.ActiveCfg = Debug|Any CPU
		{0E7C2DA6-67F2-4681-8218-82BA92F0E329}.Debug|Any CPU.Build.0 = Debug|Any CPU
		{0E7C2DA6-67F2-4681-8218-82BA92F0E329}.Release|Any CPU.ActiveCfg = Release|Any CPU
		{0E7C2DA6-67F2-4681-8218-82BA92F0E329}.Release|Any CPU.Build.0 = Release|Any CPU
		{FA606492-826E-47AE-BB50-409F68E7D674}.Debug|Any CPU.ActiveCfg = Debug|Any CPU
		{FA606492-826E-47AE-BB50-409F68E7D674}.Debug|Any CPU.Build.0 = Debug|Any CPU
		{FA606492-826E-47AE-BB50-409F68E7D674}.Release|Any CPU.ActiveCfg = Release|Any CPU
		{FA606492-826E-47AE-BB50-409F68E7D674}.Release|Any CPU.Build.0 = Release|Any CPU
		{C95D1389-FFE0-41F8-92B4-2C0C54F49908}.Debug|Any CPU.ActiveCfg = Debug|Any CPU
		{C95D1389-FFE0-41F8-92B4-2C0C54F49908}.Debug|Any CPU.Build.0 = Debug|Any CPU
		{C95D1389-FFE0-41F8-92B4-2C0C54F49908}.Release|Any CPU.ActiveCfg = Release|Any CPU
		{C95D1389-FFE0-41F8-92B4-2C0C54F49908}.Release|Any CPU.Build.0 = Release|Any CPU
	EndGlobalSection
	GlobalSection(SolutionProperties) = preSolution
		HideSolutionNode = FALSE
	EndGlobalSection
EndGlobal
